
Microsoft Visual Studio Solution File, Format Version 12.00
# Visual Studio Version 17
VisualStudioVersion = 17.4.33213.308
MinimumVisualStudioVersion = 10.0.40219.1
Project("{FAE04EC0-301F-11D3-BF4B-00C04F79EFBC}") = "Calculator", "Calculator.csproj", "{BC9C3F1B-D9B7-4316-BC15-7DE1CCFAD357}"
EndProject
Global
	GlobalSection(SolutionConfigurationPlatforms) = preSolution
		Debug|Any CPU = Debug|Any CPU
		Release|Any CPU = Release|Any CPU
	EndGlobalSection
	GlobalSection(ProjectConfigurationPlatforms) = postSolution
		{BC9C3F1B-D9B7-4316-BC15-7DE1CCFAD357}.Debug|Any CPU.ActiveCfg = Debug|Any CPU
		{BC9C3F1B-D9B7-4316-BC15-7DE1CCFAD357}.Debug|Any CPU.Build.0 = Debug|Any CPU
		{BC9C3F1B-D9B7-4316-BC15-7DE1CCFAD357}.Release|Any CPU.ActiveCfg = Release|Any CPU
		{BC9C3F1B-D9B7-4316-BC15-7DE1CCFAD357}.Release|Any CPU.Build.0 = Release|Any CPU
	EndGlobalSection
	GlobalSection(SolutionProperties) = preSolution
		HideSolutionNode = FALSE
	EndGlobalSection
	GlobalSection(ExtensibilityGlobals) = postSolution
		SolutionGuid = {EACD3FD6-E6B3-4FCA-81DA-86D448F84072}
	EndGlobalSection
EndGlobal
